
Microsoft Visual Studio Solution File, Format Version 12.00
# Visual Studio Version 17
VisualStudioVersion = 17.3.32929.385
MinimumVisualStudioVersion = 10.0.40219.1
Project("{FAE04EC0-301F-11D3-BF4B-00C04F79EFBC}") = "FiberHome", "FiberHome\FiberHome.csproj", "{889CEA26-2211-48AC-870F-87BAB74E822B}"
EndProject
Global
	GlobalSection(SolutionConfigurationPlatforms) = preSolution
		Debug|Any CPU = Debug|Any CPU
		Release|Any CPU = Release|Any CPU
	EndGlobalSection
	GlobalSection(ProjectConfigurationPlatforms) = postSolution
		{889CEA26-2211-48AC-870F-87BAB74E822B}.Debug|Any CPU.ActiveCfg = Debug|Any CPU
		{889CEA26-2211-48AC-870F-87BAB74E822B}.Debug|Any CPU.Build.0 = Debug|Any CPU
		{889CEA26-2211-48AC-870F-87BAB74E822B}.Release|Any CPU.ActiveCfg = Release|Any CPU
		{889CEA26-2211-48AC-870F-87BAB74E822B}.Release|Any CPU.Build.0 = Release|Any CPU
	EndGlobalSection
	GlobalSection(SolutionProperties) = preSolution
		HideSolutionNode = FALSE
	EndGlobalSection
	GlobalSection(ExtensibilityGlobals) = postSolution
		SolutionGuid = {140DB129-AAB6-40A6-8C69-D7787F9EA486}
	EndGlobalSection
EndGlobal
